
Microsoft Visual Studio Solution File, Format Version 12.00
# Visual Studio Version 16
VisualStudioVersion = 16.0.29926.136
MinimumVisualStudioVersion = 10.0.40219.1
Project("{FAE04EC0-301F-11D3-BF4B-00C04F79EFBC}") = "ExcelSerializer", "ExcelSerializer\ExcelSerializer.csproj", "{D832EF96-453E-455B-945C-54F1D5185B2A}"
EndProject
Project("{FAE04EC0-301F-11D3-BF4B-00C04F79EFBC}") = "ExcelSerializer.Console", "ExcelSerializer.Console\ExcelSerializer.Console.csproj", "{6BF2B9A5-C782-48CF-9A92-34E5FFA9145F}"
EndProject
Global
	GlobalSection(SolutionConfigurationPlatforms) = preSolution
		Debug|Any CPU = Debug|Any CPU
		Release|Any CPU = Release|Any CPU
	EndGlobalSection
	GlobalSection(ProjectConfigurationPlatforms) = postSolution
		{D832EF96-453E-455B-945C-54F1D5185B2A}.Debug|Any CPU.ActiveCfg = Debug|Any CPU
		{D832EF96-453E-455B-945C-54F1D5185B2A}.Debug|Any CPU.Build.0 = Debug|Any CPU
		{D832EF96-453E-455B-945C-54F1D5185B2A}.Release|Any CPU.ActiveCfg = Release|Any CPU
		{D832EF96-453E-455B-945C-54F1D5185B2A}.Release|Any CPU.Build.0 = Release|Any CPU
		{6BF2B9A5-C782-48CF-9A92-34E5FFA9145F}.Debug|Any CPU.ActiveCfg = Debug|Any CPU
		{6BF2B9A5-C782-48CF-9A92-34E5FFA9145F}.Debug|Any CPU.Build.0 = Debug|Any CPU
		{6BF2B9A5-C782-48CF-9A92-34E5FFA9145F}.Release|Any CPU.ActiveCfg = Release|Any CPU
		{6BF2B9A5-C782-48CF-9A92-34E5FFA9145F}.Release|Any CPU.Build.0 = Release|Any CPU
	EndGlobalSection
	GlobalSection(SolutionProperties) = preSolution
		HideSolutionNode = FALSE
	EndGlobalSection
	GlobalSection(ExtensibilityGlobals) = postSolution
		SolutionGuid = {ABAE61BA-F823-4929-A97C-334A653973E7}
	EndGlobalSection
EndGlobal
